{
  "name": "battery-status",
  "version": "0.11.5",
  "lockfileVersion": 1,
  "requires": true,
  "dependencies": {
    "node-power-info": {
      "version": "1.0.2",
      "resolved": "https://registry.npmjs.org/node-power-info/-/node-power-info-1.0.2.tgz",
      "integrity": "sha512-qAxi3zZNKaZTqIxKcbmplL30/Ca9mJzYIfkNFj3NCOsETWMi0hK/VOAtIcyUNf09/15QybnE7lOPkjkdTktukg=="
    }
  }
}
