{
  "name": "battery-status",
  "version": "0.11.9",
  "lockfileVersion": 1,
  "requires": true,
  "dependencies": {
    "node-power-info": {
      "version": "1.0.6",
      "resolved": "https://registry.npmjs.org/node-power-info/-/node-power-info-1.0.6.tgz",
      "integrity": "sha512-fmGOnxVXYc5XumpCPWdsfqO9FYQkp2OZVDxvCpHhZEWzdDyWTemvMv8SM3BctW9wMmVHpsSanzwm/lYvZo2zNA=="
    }
  }
}
