{
  "name": "battery-status",
  "version": "0.11.5",
  "lockfileVersion": 1,
  "requires": true,
  "dependencies": {
    "node-power-info": {
      "version": "1.0.1",
      "resolved": "https://registry.npmjs.org/node-power-info/-/node-power-info-1.0.1.tgz",
      "integrity": "sha1-CPtYnJx2BvW1LwkT0heLWGkdocw="
    }
  }
}
